
Microsoft Visual Studio Solution File, Format Version 12.00
# Visual Studio 15
VisualStudioVersion = 15.0.27130.2010
MinimumVisualStudioVersion = 10.0.40219.1
Project("{FAE04EC0-301F-11D3-BF4B-00C04F79EFBC}") = "GerenciadorTarefas", "GerenciadorTarefas\GerenciadorTarefas.csproj", "{8E53B54A-3F93-4DFE-AD2D-5C3AFAD0E112}"
EndProject
Project("{FAE04EC0-301F-11D3-BF4B-00C04F79EFBC}") = "GerenciadorTarefasTests1", "GerenciadorTarefasTests1\GerenciadorTarefasTests1.csproj", "{516081FE-6EE8-4C4B-8120-CD111649368B}"
EndProject
Project("{FAE04EC0-301F-11D3-BF4B-00C04F79EFBC}") = "GerenciadorTarefas.Tests", "GerenciadorTarefas.Tests\GerenciadorTarefas.Tests.csproj", "{636C5DCF-A554-4F8E-9E63-B35D004B84D1}"
EndProject
Global
	GlobalSection(SolutionConfigurationPlatforms) = preSolution
		Debug|Any CPU = Debug|Any CPU
		Release|Any CPU = Release|Any CPU
	EndGlobalSection
	GlobalSection(ProjectConfigurationPlatforms) = postSolution
		{8E53B54A-3F93-4DFE-AD2D-5C3AFAD0E112}.Debug|Any CPU.ActiveCfg = Debug|Any CPU
		{8E53B54A-3F93-4DFE-AD2D-5C3AFAD0E112}.Debug|Any CPU.Build.0 = Debug|Any CPU
		{8E53B54A-3F93-4DFE-AD2D-5C3AFAD0E112}.Release|Any CPU.ActiveCfg = Release|Any CPU
		{8E53B54A-3F93-4DFE-AD2D-5C3AFAD0E112}.Release|Any CPU.Build.0 = Release|Any CPU
		{516081FE-6EE8-4C4B-8120-CD111649368B}.Debug|Any CPU.ActiveCfg = Debug|Any CPU
		{516081FE-6EE8-4C4B-8120-CD111649368B}.Debug|Any CPU.Build.0 = Debug|Any CPU
		{516081FE-6EE8-4C4B-8120-CD111649368B}.Release|Any CPU.ActiveCfg = Release|Any CPU
		{516081FE-6EE8-4C4B-8120-CD111649368B}.Release|Any CPU.Build.0 = Release|Any CPU
		{636C5DCF-A554-4F8E-9E63-B35D004B84D1}.Debug|Any CPU.ActiveCfg = Debug|Any CPU
		{636C5DCF-A554-4F8E-9E63-B35D004B84D1}.Debug|Any CPU.Build.0 = Debug|Any CPU
		{636C5DCF-A554-4F8E-9E63-B35D004B84D1}.Release|Any CPU.ActiveCfg = Release|Any CPU
		{636C5DCF-A554-4F8E-9E63-B35D004B84D1}.Release|Any CPU.Build.0 = Release|Any CPU
	EndGlobalSection
	GlobalSection(SolutionProperties) = preSolution
		HideSolutionNode = FALSE
	EndGlobalSection
	GlobalSection(ExtensibilityGlobals) = postSolution
		SolutionGuid = {F4F79664-DA7C-46BB-997D-B28FA702B9B9}
	EndGlobalSection
EndGlobal
